
Microsoft Visual Studio Solution File, Format Version 12.00
# Visual Studio Version 16
VisualStudioVersion = 16.0.29215.179
MinimumVisualStudioVersion = 10.0.40219.1
Project("{FAE04EC0-301F-11D3-BF4B-00C04F79EFBC}") = "Freshdesk.NET", "Freshdesk.NET\Freshdesk.NET.csproj", "{BB8356F6-8F97-4F93-827D-CF5FCBD8F627}"
EndProject
Project("{FAE04EC0-301F-11D3-BF4B-00C04F79EFBC}") = "Freshdesk.NET_Sample", "Freshdesk.NET_Sample\Freshdesk.NET_Sample.csproj", "{626344F7-78DB-4D74-8DD9-810B876A4DC1}"
EndProject
Global
	GlobalSection(SolutionConfigurationPlatforms) = preSolution
		Debug|Any CPU = Debug|Any CPU
		Release|Any CPU = Release|Any CPU
	EndGlobalSection
	GlobalSection(ProjectConfigurationPlatforms) = postSolution
		{BB8356F6-8F97-4F93-827D-CF5FCBD8F627}.Debug|Any CPU.ActiveCfg = Debug|Any CPU
		{BB8356F6-8F97-4F93-827D-CF5FCBD8F627}.Debug|Any CPU.Build.0 = Debug|Any CPU
		{BB8356F6-8F97-4F93-827D-CF5FCBD8F627}.Release|Any CPU.ActiveCfg = Release|Any CPU
		{BB8356F6-8F97-4F93-827D-CF5FCBD8F627}.Release|Any CPU.Build.0 = Release|Any CPU
		{626344F7-78DB-4D74-8DD9-810B876A4DC1}.Debug|Any CPU.ActiveCfg = Debug|Any CPU
		{626344F7-78DB-4D74-8DD9-810B876A4DC1}.Debug|Any CPU.Build.0 = Debug|Any CPU
		{626344F7-78DB-4D74-8DD9-810B876A4DC1}.Release|Any CPU.ActiveCfg = Release|Any CPU
		{626344F7-78DB-4D74-8DD9-810B876A4DC1}.Release|Any CPU.Build.0 = Release|Any CPU
	EndGlobalSection
	GlobalSection(SolutionProperties) = preSolution
		HideSolutionNode = FALSE
	EndGlobalSection
	GlobalSection(ExtensibilityGlobals) = postSolution
		SolutionGuid = {2D3BAAB2-92B5-4EE2-98BA-BED266997289}
	EndGlobalSection
EndGlobal
